
Microsoft Visual Studio Solution File, Format Version 12.00
# Visual Studio Version 16
VisualStudioVersion = 16.0.30204.135
MinimumVisualStudioVersion = 10.0.40219.1
Project("{2150E333-8FDC-42A3-9474-1A3956D46DE8}") = "CrossCuttingConcerns", "CrossCuttingConcerns", "{F0BBB16E-350D-49A3-8364-4457307DF346}"
EndProject
Project("{9A19103F-16F7-4668-BE54-9A1E7A4F7556}") = "CrossCuttingsConcerns", "CrossCuttingsConcerns\CrossCuttingsConcerns.csproj", "{3FC3A770-8AC7-4F86-92A5-DAD22BC7921B}"
EndProject
Project("{2150E333-8FDC-42A3-9474-1A3956D46DE8}") = "Core", "Core", "{399AA01C-AC74-4C36-B423-4D963916B981}"
EndProject
Project("{9A19103F-16F7-4668-BE54-9A1E7A4F7556}") = "Domain", "Domain\Domain.csproj", "{ABA5BEC4-5528-43E8-B4FB-3027E7E7F0CE}"
EndProject
Project("{9A19103F-16F7-4668-BE54-9A1E7A4F7556}") = "Application", "Application\Application.csproj", "{674861E8-80C2-4296-8353-4793FC66F7AB}"
EndProject
Project("{2150E333-8FDC-42A3-9474-1A3956D46DE8}") = "Infrastructures", "Infrastructures", "{A3524C1F-8BFC-4DB6-9843-FE80C9A2F573}"
EndProject
Project("{9A19103F-16F7-4668-BE54-9A1E7A4F7556}") = "Infrastructure", "Infrastructure\Infrastructure.csproj", "{0D9DD36C-E66E-426A-88E3-1EA57BC8299E}"
EndProject
Project("{9A19103F-16F7-4668-BE54-9A1E7A4F7556}") = "Persistence", "Persistence\Persistence.csproj", "{7AD56137-DD91-4251-9EA1-49D45C119B0C}"
EndProject
Project("{9A19103F-16F7-4668-BE54-9A1E7A4F7556}") = "Migrator", "Migrator\Migrator.csproj", "{EDCA9057-3B2D-4F41-9291-5F502C93AF88}"
EndProject
Project("{2150E333-8FDC-42A3-9474-1A3956D46DE8}") = "Presentations", "Presentations", "{36C5B1F4-B062-4BD3-A2F0-6505F7B28042}"
EndProject
Project("{2150E333-8FDC-42A3-9474-1A3956D46DE8}") = "BackEnds", "BackEnds", "{E6016817-58CF-427D-82D2-ACB502F6B855}"
EndProject
Project("{9A19103F-16F7-4668-BE54-9A1E7A4F7556}") = "BackgroundServer", "BackgroundServer\BackgroundServer.csproj", "{D70B2C5F-636D-4956-925A-3C836DEE488E}"
EndProject
Project("{9A19103F-16F7-4668-BE54-9A1E7A4F7556}") = "NotificationServer", "NotificationServer\NotificationServer.csproj", "{5B150604-3BAB-4DD9-B385-26F8597D0ED7}"
EndProject
Project("{9A19103F-16F7-4668-BE54-9A1E7A4F7556}") = "WebAPI", "WebAPI\WebAPI.csproj", "{C61D5547-0D5A-4D5B-A4A1-D0C40D370A70}"
EndProject
Project("{2150E333-8FDC-42A3-9474-1A3956D46DE8}") = "UIs", "UIs", "{26DDFBCB-4C9B-4F41-8B90-27560E0BCC25}"
EndProject
Project("{9A19103F-16F7-4668-BE54-9A1E7A4F7556}") = "IdentityServer", "IdentityServer\IdentityServer.csproj", "{C004CD7E-76E9-47D7-AE68-A6F27F8DE8D2}"
EndProject
Project("{9A19103F-16F7-4668-BE54-9A1E7A4F7556}") = "WebMVC", "WebMVC\WebMVC.csproj", "{B182837F-25C5-4B43-A6A4-57B74E31C1DD}"
EndProject
Project("{2150E333-8FDC-42A3-9474-1A3956D46DE8}") = "Proxies", "Proxies", "{AAC879E0-2C21-45CF-9D92-3DCB3825F4A6}"
EndProject
Project("{FAE04EC0-301F-11D3-BF4B-00C04F79EFBC}") = "Ocelotes", "Ocelotes\Ocelotes.csproj", "{3936AF32-8828-4156-BBCB-C3F90BE27BA4}"
EndProject
Project("{FAE04EC0-301F-11D3-BF4B-00C04F79EFBC}") = "GraphsQL", "GraphsQL\GraphsQL.csproj", "{9727A656-F65E-4BF9-AC59-A832D452A468}"
EndProject
Global
	GlobalSection(SolutionConfigurationPlatforms) = preSolution
		Debug|Any CPU = Debug|Any CPU
		Release|Any CPU = Release|Any CPU
	EndGlobalSection
	GlobalSection(ProjectConfigurationPlatforms) = postSolution
		{3FC3A770-8AC7-4F86-92A5-DAD22BC7921B}.Debug|Any CPU.ActiveCfg = Debug|Any CPU
		{3FC3A770-8AC7-4F86-92A5-DAD22BC7921B}.Debug|Any CPU.Build.0 = Debug|Any CPU
		{3FC3A770-8AC7-4F86-92A5-DAD22BC7921B}.Release|Any CPU.ActiveCfg = Release|Any CPU
		{3FC3A770-8AC7-4F86-92A5-DAD22BC7921B}.Release|Any CPU.Build.0 = Release|Any CPU
		{ABA5BEC4-5528-43E8-B4FB-3027E7E7F0CE}.Debug|Any CPU.ActiveCfg = Debug|Any CPU
		{ABA5BEC4-5528-43E8-B4FB-3027E7E7F0CE}.Debug|Any CPU.Build.0 = Debug|Any CPU
		{ABA5BEC4-5528-43E8-B4FB-3027E7E7F0CE}.Release|Any CPU.ActiveCfg = Release|Any CPU
		{ABA5BEC4-5528-43E8-B4FB-3027E7E7F0CE}.Release|Any CPU.Build.0 = Release|Any CPU
		{674861E8-80C2-4296-8353-4793FC66F7AB}.Debug|Any CPU.ActiveCfg = Debug|Any CPU
		{674861E8-80C2-4296-8353-4793FC66F7AB}.Debug|Any CPU.Build.0 = Debug|Any CPU
		{674861E8-80C2-4296-8353-4793FC66F7AB}.Release|Any CPU.ActiveCfg = Release|Any CPU
		{674861E8-80C2-4296-8353-4793FC66F7AB}.Release|Any CPU.Build.0 = Release|Any CPU
		{0D9DD36C-E66E-426A-88E3-1EA57BC8299E}.Debug|Any CPU.ActiveCfg = Debug|Any CPU
		{0D9DD36C-E66E-426A-88E3-1EA57BC8299E}.Debug|Any CPU.Build.0 = Debug|Any CPU
		{0D9DD36C-E66E-426A-88E3-1EA57BC8299E}.Release|Any CPU.ActiveCfg = Release|Any CPU
		{0D9DD36C-E66E-426A-88E3-1EA57BC8299E}.Release|Any CPU.Build.0 = Release|Any CPU
		{7AD56137-DD91-4251-9EA1-49D45C119B0C}.Debug|Any CPU.ActiveCfg = Debug|Any CPU
		{7AD56137-DD91-4251-9EA1-49D45C119B0C}.Debug|Any CPU.Build.0 = Debug|Any CPU
		{7AD56137-DD91-4251-9EA1-49D45C119B0C}.Release|Any CPU.ActiveCfg = Release|Any CPU
		{7AD56137-DD91-4251-9EA1-49D45C119B0C}.Release|Any CPU.Build.0 = Release|Any CPU
		{EDCA9057-3B2D-4F41-9291-5F502C93AF88}.Debug|Any CPU.ActiveCfg = Debug|Any CPU
		{EDCA9057-3B2D-4F41-9291-5F502C93AF88}.Debug|Any CPU.Build.0 = Debug|Any CPU
		{EDCA9057-3B2D-4F41-9291-5F502C93AF88}.Release|Any CPU.ActiveCfg = Release|Any CPU
		{EDCA9057-3B2D-4F41-9291-5F502C93AF88}.Release|Any CPU.Build.0 = Release|Any CPU
		{D70B2C5F-636D-4956-925A-3C836DEE488E}.Debug|Any CPU.ActiveCfg = Debug|Any CPU
		{D70B2C5F-636D-4956-925A-3C836DEE488E}.Debug|Any CPU.Build.0 = Debug|Any CPU
		{D70B2C5F-636D-4956-925A-3C836DEE488E}.Release|Any CPU.ActiveCfg = Release|Any CPU
		{D70B2C5F-636D-4956-925A-3C836DEE488E}.Release|Any CPU.Build.0 = Release|Any CPU
		{5B150604-3BAB-4DD9-B385-26F8597D0ED7}.Debug|Any CPU.ActiveCfg = Debug|Any CPU
		{5B150604-3BAB-4DD9-B385-26F8597D0ED7}.Debug|Any CPU.Build.0 = Debug|Any CPU
		{5B150604-3BAB-4DD9-B385-26F8597D0ED7}.Release|Any CPU.ActiveCfg = Release|Any CPU
		{5B150604-3BAB-4DD9-B385-26F8597D0ED7}.Release|Any CPU.Build.0 = Release|Any CPU
		{C61D5547-0D5A-4D5B-A4A1-D0C40D370A70}.Debug|Any CPU.ActiveCfg = Debug|Any CPU
		{C61D5547-0D5A-4D5B-A4A1-D0C40D370A70}.Debug|Any CPU.Build.0 = Debug|Any CPU
		{C61D5547-0D5A-4D5B-A4A1-D0C40D370A70}.Release|Any CPU.ActiveCfg = Release|Any CPU
		{C61D5547-0D5A-4D5B-A4A1-D0C40D370A70}.Release|Any CPU.Build.0 = Release|Any CPU
		{C004CD7E-76E9-47D7-AE68-A6F27F8DE8D2}.Debug|Any CPU.ActiveCfg = Debug|Any CPU
		{C004CD7E-76E9-47D7-AE68-A6F27F8DE8D2}.Debug|Any CPU.Build.0 = Debug|Any CPU
		{C004CD7E-76E9-47D7-AE68-A6F27F8DE8D2}.Release|Any CPU.ActiveCfg = Release|Any CPU
		{C004CD7E-76E9-47D7-AE68-A6F27F8DE8D2}.Release|Any CPU.Build.0 = Release|Any CPU
		{B182837F-25C5-4B43-A6A4-57B74E31C1DD}.Debug|Any CPU.ActiveCfg = Debug|Any CPU
		{B182837F-25C5-4B43-A6A4-57B74E31C1DD}.Debug|Any CPU.Build.0 = Debug|Any CPU
		{B182837F-25C5-4B43-A6A4-57B74E31C1DD}.Release|Any CPU.ActiveCfg = Release|Any CPU
		{B182837F-25C5-4B43-A6A4-57B74E31C1DD}.Release|Any CPU.Build.0 = Release|Any CPU
		{3936AF32-8828-4156-BBCB-C3F90BE27BA4}.Debug|Any CPU.ActiveCfg = Debug|Any CPU
		{3936AF32-8828-4156-BBCB-C3F90BE27BA4}.Debug|Any CPU.Build.0 = Debug|Any CPU
		{3936AF32-8828-4156-BBCB-C3F90BE27BA4}.Release|Any CPU.ActiveCfg = Release|Any CPU
		{3936AF32-8828-4156-BBCB-C3F90BE27BA4}.Release|Any CPU.Build.0 = Release|Any CPU
		{9727A656-F65E-4BF9-AC59-A832D452A468}.Debug|Any CPU.ActiveCfg = Debug|Any CPU
		{9727A656-F65E-4BF9-AC59-A832D452A468}.Debug|Any CPU.Build.0 = Debug|Any CPU
		{9727A656-F65E-4BF9-AC59-A832D452A468}.Release|Any CPU.ActiveCfg = Release|Any CPU
		{9727A656-F65E-4BF9-AC59-A832D452A468}.Release|Any CPU.Build.0 = Release|Any CPU
	EndGlobalSection
	GlobalSection(SolutionProperties) = preSolution
		HideSolutionNode = FALSE
	EndGlobalSection
	GlobalSection(NestedProjects) = preSolution
		{3FC3A770-8AC7-4F86-92A5-DAD22BC7921B} = {F0BBB16E-350D-49A3-8364-4457307DF346}
		{ABA5BEC4-5528-43E8-B4FB-3027E7E7F0CE} = {399AA01C-AC74-4C36-B423-4D963916B981}
		{674861E8-80C2-4296-8353-4793FC66F7AB} = {399AA01C-AC74-4C36-B423-4D963916B981}
		{0D9DD36C-E66E-426A-88E3-1EA57BC8299E} = {A3524C1F-8BFC-4DB6-9843-FE80C9A2F573}
		{7AD56137-DD91-4251-9EA1-49D45C119B0C} = {A3524C1F-8BFC-4DB6-9843-FE80C9A2F573}
		{EDCA9057-3B2D-4F41-9291-5F502C93AF88} = {A3524C1F-8BFC-4DB6-9843-FE80C9A2F573}
		{E6016817-58CF-427D-82D2-ACB502F6B855} = {36C5B1F4-B062-4BD3-A2F0-6505F7B28042}
		{D70B2C5F-636D-4956-925A-3C836DEE488E} = {E6016817-58CF-427D-82D2-ACB502F6B855}
		{5B150604-3BAB-4DD9-B385-26F8597D0ED7} = {E6016817-58CF-427D-82D2-ACB502F6B855}
		{C61D5547-0D5A-4D5B-A4A1-D0C40D370A70} = {E6016817-58CF-427D-82D2-ACB502F6B855}
		{C004CD7E-76E9-47D7-AE68-A6F27F8DE8D2} = {26DDFBCB-4C9B-4F41-8B90-27560E0BCC25}
		{B182837F-25C5-4B43-A6A4-57B74E31C1DD} = {26DDFBCB-4C9B-4F41-8B90-27560E0BCC25}
		{3936AF32-8828-4156-BBCB-C3F90BE27BA4} = {AAC879E0-2C21-45CF-9D92-3DCB3825F4A6}
		{9727A656-F65E-4BF9-AC59-A832D452A468} = {AAC879E0-2C21-45CF-9D92-3DCB3825F4A6}
	EndGlobalSection
	GlobalSection(ExtensibilityGlobals) = postSolution
		SolutionGuid = {1077D003-F184-467C-B8B5-55139A0CEEA7}
	EndGlobalSection
EndGlobal
